
Microsoft Visual Studio Solution File, Format Version 12.00
# Visual Studio Version 16
VisualStudioVersion = 16.0.33927.289
MinimumVisualStudioVersion = 10.0.40219.1
Project("{2150E333-8FDC-42A3-9474-1A3956D46DE8}") = "task0", "task0", "{494A64EC-179D-45FE-BADD-CF03F090351F}"
EndProject
Project("{FAE04EC0-301F-11D3-BF4B-00C04F79EFBC}") = "Tyuiu.IsaevMa.Sprint2.Task0.V23", "Tyuiu.IsaevMA.Sprint2.Task0.V23\Tyuiu.IsaevMa.Sprint2.Task0.V23.csproj", "{8C90868B-18DA-4E4B-88F9-061967B94685}"
EndProject
Project("{FAE04EC0-301F-11D3-BF4B-00C04F79EFBC}") = "Tyuiu.IsaevMa.Sprint2.Task0.V23.Lib", "Tyuiu.IsaevMA.Sprint2.Task0.V23.Lib\Tyuiu.IsaevMa.Sprint2.Task0.V23.Lib.csproj", "{3A57F704-E730-43BA-8379-02276A514DB4}"
EndProject
Project("{FAE04EC0-301F-11D3-BF4B-00C04F79EFBC}") = "Tyuiu.IsaevMa.Sprint2.Task0.V23.Test", "Tyuiu.IsaevMA.Sprint2.Task0.V23.Test\Tyuiu.IsaevMa.Sprint2.Task0.V23.Test.csproj", "{D79A32EF-DD0D-4A66-84C6-79631F3EDFEC}"
EndProject
Project("{2150E333-8FDC-42A3-9474-1A3956D46DE8}") = "task1", "task1", "{677D0277-258B-4F3E-9041-011CCEA00472}"
EndProject
Project("{FAE04EC0-301F-11D3-BF4B-00C04F79EFBC}") = "Tyuiu.IsaevMa.Sprint2.Task1.V27", "Tyuiu.IsaevMA.Sprint2.Task1.V27\Tyuiu.IsaevMa.Sprint2.Task1.V27.csproj", "{C4841D43-EC57-4184-A9A1-E4AA6BE46A01}"
EndProject
Project("{FAE04EC0-301F-11D3-BF4B-00C04F79EFBC}") = "Tyuiu.IsaevMa.Sprint2.Task1.V27.Test", "Tyuiu.IsaevMA.Sprint2.Task1.V27.Test\Tyuiu.IsaevMa.Sprint2.Task1.V27.Test.csproj", "{1E6B1C89-FB82-4B08-8982-14F1931C34C3}"
EndProject
Project("{FAE04EC0-301F-11D3-BF4B-00C04F79EFBC}") = "Tyuiu.IsaevMa.Sprint2.Task1.V27.Lib", "Tyuiu.IsaevMA.Sprint2.Task1.V27.Lib\Tyuiu.IsaevMa.Sprint2.Task1.V27.Lib.csproj", "{57C04660-CCEA-4D38-8F3B-36BFB0A207B8}"
EndProject
Project("{2150E333-8FDC-42A3-9474-1A3956D46DE8}") = "task2", "task2", "{46EC2E44-9E50-485E-8DE3-C2FD771745C3}"
EndProject
Project("{FAE04EC0-301F-11D3-BF4B-00C04F79EFBC}") = "Tyuiu.IsaevMa.Sprint2.Task2.V17", "Tyuiu.IsaevMA.Sprint2.Task2.V17\Tyuiu.IsaevMa.Sprint2.Task2.V17.csproj", "{9A0EDEB0-D5EF-4EC2-BD8D-248A1B1E929F}"
EndProject
Project("{FAE04EC0-301F-11D3-BF4B-00C04F79EFBC}") = "Tyuiu.IsaevMa.Sprint2.Task2.V17.Lib", "Tyuiu.IsaevMA.Sprint2.Task2.V17.Lib\Tyuiu.IsaevMa.Sprint2.Task2.V17.Lib.csproj", "{433FF905-4FEB-4AAA-AC56-5BCC2C618BAC}"
EndProject
Project("{FAE04EC0-301F-11D3-BF4B-00C04F79EFBC}") = "Tyuiu.IsaevMa.Sprint2.Task2.V17.Test", "Tyuiu.IsaevMA.Sprint2.Task2.V17.Test\Tyuiu.IsaevMa.Sprint2.Task2.V17.Test.csproj", "{2DA053FA-200A-40C9-AB76-77B6B67C1ED4}"
EndProject
Project("{2150E333-8FDC-42A3-9474-1A3956D46DE8}") = "task3", "task3", "{794819FA-B1E4-4251-8B2B-3DC6E830D18C}"
EndProject
Project("{FAE04EC0-301F-11D3-BF4B-00C04F79EFBC}") = "Tyuiu.IsaevMa.Sprint2.Task3.V6", "Tyuiu.IsaevMA.Sprint2.Task3.V6\Tyuiu.IsaevMa.Sprint2.Task3.V6.csproj", "{9647CE12-DFDA-4691-A16A-DFEC6969973C}"
EndProject
Project("{FAE04EC0-301F-11D3-BF4B-00C04F79EFBC}") = "Tyuiu.IsaevMa.Sprint2.Task3.V6.Lib", "Tyuiu.IsaevMA.Sprint2.Task3.V6.Lib\Tyuiu.IsaevMa.Sprint2.Task3.V6.Lib.csproj", "{947F52E1-C840-47F1-BD00-502E187AD52E}"
EndProject
Project("{FAE04EC0-301F-11D3-BF4B-00C04F79EFBC}") = "Tyuiu.IsaevMa.Sprint2.Task3.V6.Test", "Tyuiu.IsaevMA.Sprint2.Task3.V6.Test\Tyuiu.IsaevMa.Sprint2.Task3.V6.Test.csproj", "{8EADC260-3C4D-47CC-9114-4D2E961CFA16}"
EndProject
Project("{2150E333-8FDC-42A3-9474-1A3956D46DE8}") = "task4", "task4", "{440C4FA2-08C5-4CF4-AEAF-0D29A089F4D9}"
EndProject
Project("{FAE04EC0-301F-11D3-BF4B-00C04F79EFBC}") = "Tyuiu.IsaevMA.Sprint2.Task4.V19", "Tyuiu.IsaevMA.Sprint2.Task4.V19\Tyuiu.IsaevMA.Sprint2.Task4.V19.csproj", "{62372224-0B92-464A-AABD-194361C893C1}"
EndProject
Project("{FAE04EC0-301F-11D3-BF4B-00C04F79EFBC}") = "Tyuiu.IsaevMA.Sprint2.Task4.V19.Test", "Tyuiu.IsaevMA.Sprint2.Task4.V19.Test\Tyuiu.IsaevMA.Sprint2.Task4.V19.Test.csproj", "{5AD4E8C2-777C-4148-870C-DDAE70DA4C74}"
EndProject
Project("{FAE04EC0-301F-11D3-BF4B-00C04F79EFBC}") = "Tyuiu.IsaevMA.Sprint2.Task4.V19.Lib", "Tyuiu.IsaevMA.Sprint2.Task4.V19.Lib\Tyuiu.IsaevMA.Sprint2.Task4.V19.Lib.csproj", "{8129949B-3C8A-4DB4-84DA-D4A587D02AFE}"
EndProject
Project("{2150E333-8FDC-42A3-9474-1A3956D46DE8}") = "task5", "task5", "{DE06412C-4769-4BB9-B412-A0A7C22FACD5}"
EndProject
Project("{FAE04EC0-301F-11D3-BF4B-00C04F79EFBC}") = "Tyuiu.IsaevMA.Sprint2.Task5.V1", "Tyuiu.IsaevMA.Sprint2.Task5.V1\Tyuiu.IsaevMA.Sprint2.Task5.V1.csproj", "{36ABBFCE-FD0A-4229-A8AA-45B33A727487}"
EndProject
Project("{FAE04EC0-301F-11D3-BF4B-00C04F79EFBC}") = "Tyuiu.IsaevMA.Sprint2.Task5.V1.Lib", "Tyuiu.IsaevMA.Sprint2.Task5.V1.Lib\Tyuiu.IsaevMA.Sprint2.Task5.V1.Lib.csproj", "{306CF416-7D68-4388-8AA9-3962F8DD9CEA}"
EndProject
Project("{FAE04EC0-301F-11D3-BF4B-00C04F79EFBC}") = "Tyuiu.IsaevMA.Sprint2.Task5.V1.Test", "Tyuiu.IsaevMA.Sprint2.Task5.V1.Test\Tyuiu.IsaevMA.Sprint2.Task5.V1.Test.csproj", "{5E595B67-3E39-4D93-AED0-7841608F3466}"
EndProject
Project("{2150E333-8FDC-42A3-9474-1A3956D46DE8}") = "task6", "task6", "{BCDB392A-1211-4FEB-92A3-563E124BAB8B}"
EndProject
Project("{FAE04EC0-301F-11D3-BF4B-00C04F79EFBC}") = "Tyuiu.IsaevMA.Sprint2.Task6.V11", "Tyuiu.IsaevMA.Sprint2.Task6.V11\Tyuiu.IsaevMA.Sprint2.Task6.V11.csproj", "{958CD410-A93D-4855-BEAB-45E225358790}"
EndProject
Project("{FAE04EC0-301F-11D3-BF4B-00C04F79EFBC}") = "Tyuiu.IsaevMA.Sprint2.Task6.V11.Test", "Tyuiu.IsaevMA.Sprint2.Task6.V11.Test\Tyuiu.IsaevMA.Sprint2.Task6.V11.Test.csproj", "{478F1E98-8152-401A-B502-7AFBFBBA318C}"
EndProject
Project("{FAE04EC0-301F-11D3-BF4B-00C04F79EFBC}") = "Tyuiu.IsaevMA.Sprint2.Task6.V11.Lib", "Tyuiu.IsaevMA.Sprint2.Task6.V11.Lib\Tyuiu.IsaevMA.Sprint2.Task6.V11.Lib.csproj", "{D3C7ADCA-36E0-4CDF-BEAC-B57AEEA0159B}"
EndProject
Project("{2150E333-8FDC-42A3-9474-1A3956D46DE8}") = "task7", "task7", "{A3734695-19EB-4023-AB6B-81B75FB9BB38}"
EndProject
Project("{FAE04EC0-301F-11D3-BF4B-00C04F79EFBC}") = "Tyuiu.IsaevMA.Sprint2.Task7.V5", "Tyuiu.IsaevMA.Sprint2.Task7.V5\Tyuiu.IsaevMA.Sprint2.Task7.V5.csproj", "{0ED10D42-F088-4E17-9E4C-C0F091458213}"
EndProject
Project("{FAE04EC0-301F-11D3-BF4B-00C04F79EFBC}") = "Tyuiu.IsaevMA.Sprint2.Task7.V5.Lib", "Tyuiu.IsaevMA.Sprint2.Task7.V5.Lib\Tyuiu.IsaevMA.Sprint2.Task7.V5.Lib.csproj", "{55770B2B-44C1-4F54-9AEC-373648F0D502}"
EndProject
Project("{FAE04EC0-301F-11D3-BF4B-00C04F79EFBC}") = "Tyuiu.IsaevMA.Sprint2.Task7.V5.Test", "Tyuiu.IsaevMA.Sprint2.Task7.V5.Test\Tyuiu.IsaevMA.Sprint2.Task7.V5.Test.csproj", "{16669FF3-319F-4760-B1AC-5C908FCAD3BD}"
EndProject
Project("{2150E333-8FDC-42A3-9474-1A3956D46DE8}") = "SprintReview", "SprintReview", "{DF2AA041-46B0-4B58-BC40-0F7A0C853618}"
EndProject
Project("{FAE04EC0-301F-11D3-BF4B-00C04F79EFBC}") = "Tyuiu.IsaevMA.Sprint2.SprintReview.V11", "Tyuiu.IsaevMA.Sprint2.SprintReview.V11\Tyuiu.IsaevMA.Sprint2.SprintReview.V11.csproj", "{45838A67-5FC6-4B84-A75D-8D978E6E9660}"
EndProject
Project("{FAE04EC0-301F-11D3-BF4B-00C04F79EFBC}") = "Tyuiu.IsaevMA.Sprint2.SprintReview.V11.Lib", "Tyuiu.IsaevMA.Sprint2.SprintReview.V11.Lib\Tyuiu.IsaevMA.Sprint2.SprintReview.V11.Lib.csproj", "{E7AE492D-8B19-4A29-BB9C-72D3F3597070}"
EndProject
Project("{FAE04EC0-301F-11D3-BF4B-00C04F79EFBC}") = "Tyuiu.IsaevMA.Sprint2.SprintReview.V11.Test", "Tyuiu.IsaevMA.Sprint2.SprintReview.V11.Test\Tyuiu.IsaevMA.Sprint2.SprintReview.V11.Test.csproj", "{B6756B6B-AABC-43D9-B553-9665250A7C0D}"
EndProject
Global
	GlobalSection(SolutionConfigurationPlatforms) = preSolution
		Debug|Any CPU = Debug|Any CPU
		Release|Any CPU = Release|Any CPU
	EndGlobalSection
	GlobalSection(ProjectConfigurationPlatforms) = postSolution
		{8C90868B-18DA-4E4B-88F9-061967B94685}.Debug|Any CPU.ActiveCfg = Debug|Any CPU
		{8C90868B-18DA-4E4B-88F9-061967B94685}.Debug|Any CPU.Build.0 = Debug|Any CPU
		{8C90868B-18DA-4E4B-88F9-061967B94685}.Release|Any CPU.ActiveCfg = Release|Any CPU
		{8C90868B-18DA-4E4B-88F9-061967B94685}.Release|Any CPU.Build.0 = Release|Any CPU
		{3A57F704-E730-43BA-8379-02276A514DB4}.Debug|Any CPU.ActiveCfg = Debug|Any CPU
		{3A57F704-E730-43BA-8379-02276A514DB4}.Debug|Any CPU.Build.0 = Debug|Any CPU
		{3A57F704-E730-43BA-8379-02276A514DB4}.Release|Any CPU.ActiveCfg = Release|Any CPU
		{3A57F704-E730-43BA-8379-02276A514DB4}.Release|Any CPU.Build.0 = Release|Any CPU
		{D79A32EF-DD0D-4A66-84C6-79631F3EDFEC}.Debug|Any CPU.ActiveCfg = Debug|Any CPU
		{D79A32EF-DD0D-4A66-84C6-79631F3EDFEC}.Debug|Any CPU.Build.0 = Debug|Any CPU
		{D79A32EF-DD0D-4A66-84C6-79631F3EDFEC}.Release|Any CPU.ActiveCfg = Release|Any CPU
		{D79A32EF-DD0D-4A66-84C6-79631F3EDFEC}.Release|Any CPU.Build.0 = Release|Any CPU
		{C4841D43-EC57-4184-A9A1-E4AA6BE46A01}.Debug|Any CPU.ActiveCfg = Debug|Any CPU
		{C4841D43-EC57-4184-A9A1-E4AA6BE46A01}.Debug|Any CPU.Build.0 = Debug|Any CPU
		{C4841D43-EC57-4184-A9A1-E4AA6BE46A01}.Release|Any CPU.ActiveCfg = Release|Any CPU
		{C4841D43-EC57-4184-A9A1-E4AA6BE46A01}.Release|Any CPU.Build.0 = Release|Any CPU
		{1E6B1C89-FB82-4B08-8982-14F1931C34C3}.Debug|Any CPU.ActiveCfg = Debug|Any CPU
		{1E6B1C89-FB82-4B08-8982-14F1931C34C3}.Debug|Any CPU.Build.0 = Debug|Any CPU
		{1E6B1C89-FB82-4B08-8982-14F1931C34C3}.Release|Any CPU.ActiveCfg = Release|Any CPU
		{1E6B1C89-FB82-4B08-8982-14F1931C34C3}.Release|Any CPU.Build.0 = Release|Any CPU
		{57C04660-CCEA-4D38-8F3B-36BFB0A207B8}.Debug|Any CPU.ActiveCfg = Debug|Any CPU
		{57C04660-CCEA-4D38-8F3B-36BFB0A207B8}.Debug|Any CPU.Build.0 = Debug|Any CPU
		{57C04660-CCEA-4D38-8F3B-36BFB0A207B8}.Release|Any CPU.ActiveCfg = Release|Any CPU
		{57C04660-CCEA-4D38-8F3B-36BFB0A207B8}.Release|Any CPU.Build.0 = Release|Any CPU
		{9A0EDEB0-D5EF-4EC2-BD8D-248A1B1E929F}.Debug|Any CPU.ActiveCfg = Debug|Any CPU
		{9A0EDEB0-D5EF-4EC2-BD8D-248A1B1E929F}.Debug|Any CPU.Build.0 = Debug|Any CPU
		{9A0EDEB0-D5EF-4EC2-BD8D-248A1B1E929F}.Release|Any CPU.ActiveCfg = Release|Any CPU
		{9A0EDEB0-D5EF-4EC2-BD8D-248A1B1E929F}.Release|Any CPU.Build.0 = Release|Any CPU
		{433FF905-4FEB-4AAA-AC56-5BCC2C618BAC}.Debug|Any CPU.ActiveCfg = Debug|Any CPU
		{433FF905-4FEB-4AAA-AC56-5BCC2C618BAC}.Debug|Any CPU.Build.0 = Debug|Any CPU
		{433FF905-4FEB-4AAA-AC56-5BCC2C618BAC}.Release|Any CPU.ActiveCfg = Release|Any CPU
		{433FF905-4FEB-4AAA-AC56-5BCC2C618BAC}.Release|Any CPU.Build.0 = Release|Any CPU
		{2DA053FA-200A-40C9-AB76-77B6B67C1ED4}.Debug|Any CPU.ActiveCfg = Debug|Any CPU
		{2DA053FA-200A-40C9-AB76-77B6B67C1ED4}.Debug|Any CPU.Build.0 = Debug|Any CPU
		{2DA053FA-200A-40C9-AB76-77B6B67C1ED4}.Release|Any CPU.ActiveCfg = Release|Any CPU
		{2DA053FA-200A-40C9-AB76-77B6B67C1ED4}.Release|Any CPU.Build.0 = Release|Any CPU
		{9647CE12-DFDA-4691-A16A-DFEC6969973C}.Debug|Any CPU.ActiveCfg = Debug|Any CPU
		{9647CE12-DFDA-4691-A16A-DFEC6969973C}.Debug|Any CPU.Build.0 = Debug|Any CPU
		{9647CE12-DFDA-4691-A16A-DFEC6969973C}.Release|Any CPU.ActiveCfg = Release|Any CPU
		{9647CE12-DFDA-4691-A16A-DFEC6969973C}.Release|Any CPU.Build.0 = Release|Any CPU
		{947F52E1-C840-47F1-BD00-502E187AD52E}.Debug|Any CPU.ActiveCfg = Debug|Any CPU
		{947F52E1-C840-47F1-BD00-502E187AD52E}.Debug|Any CPU.Build.0 = Debug|Any CPU
		{947F52E1-C840-47F1-BD00-502E187AD52E}.Release|Any CPU.ActiveCfg = Release|Any CPU
		{947F52E1-C840-47F1-BD00-502E187AD52E}.Release|Any CPU.Build.0 = Release|Any CPU
		{8EADC260-3C4D-47CC-9114-4D2E961CFA16}.Debug|Any CPU.ActiveCfg = Debug|Any CPU
		{8EADC260-3C4D-47CC-9114-4D2E961CFA16}.Debug|Any CPU.Build.0 = Debug|Any CPU
		{8EADC260-3C4D-47CC-9114-4D2E961CFA16}.Release|Any CPU.ActiveCfg = Release|Any CPU
		{8EADC260-3C4D-47CC-9114-4D2E961CFA16}.Release|Any CPU.Build.0 = Release|Any CPU
		{62372224-0B92-464A-AABD-194361C893C1}.Debug|Any CPU.ActiveCfg = Debug|Any CPU
		{62372224-0B92-464A-AABD-194361C893C1}.Debug|Any CPU.Build.0 = Debug|Any CPU
		{62372224-0B92-464A-AABD-194361C893C1}.Release|Any CPU.ActiveCfg = Release|Any CPU
		{62372224-0B92-464A-AABD-194361C893C1}.Release|Any CPU.Build.0 = Release|Any CPU
		{5AD4E8C2-777C-4148-870C-DDAE70DA4C74}.Debug|Any CPU.ActiveCfg = Debug|Any CPU
		{5AD4E8C2-777C-4148-870C-DDAE70DA4C74}.Debug|Any CPU.Build.0 = Debug|Any CPU
		{5AD4E8C2-777C-4148-870C-DDAE70DA4C74}.Release|Any CPU.ActiveCfg = Release|Any CPU
		{5AD4E8C2-777C-4148-870C-DDAE70DA4C74}.Release|Any CPU.Build.0 = Release|Any CPU
		{8129949B-3C8A-4DB4-84DA-D4A587D02AFE}.Debug|Any CPU.ActiveCfg = Debug|Any CPU
		{8129949B-3C8A-4DB4-84DA-D4A587D02AFE}.Debug|Any CPU.Build.0 = Debug|Any CPU
		{8129949B-3C8A-4DB4-84DA-D4A587D02AFE}.Release|Any CPU.ActiveCfg = Release|Any CPU
		{8129949B-3C8A-4DB4-84DA-D4A587D02AFE}.Release|Any CPU.Build.0 = Release|Any CPU
		{36ABBFCE-FD0A-4229-A8AA-45B33A727487}.Debug|Any CPU.ActiveCfg = Debug|Any CPU
		{36ABBFCE-FD0A-4229-A8AA-45B33A727487}.Debug|Any CPU.Build.0 = Debug|Any CPU
		{36ABBFCE-FD0A-4229-A8AA-45B33A727487}.Release|Any CPU.ActiveCfg = Release|Any CPU
		{36ABBFCE-FD0A-4229-A8AA-45B33A727487}.Release|Any CPU.Build.0 = Release|Any CPU
		{306CF416-7D68-4388-8AA9-3962F8DD9CEA}.Debug|Any CPU.ActiveCfg = Debug|Any CPU
		{306CF416-7D68-4388-8AA9-3962F8DD9CEA}.Debug|Any CPU.Build.0 = Debug|Any CPU
		{306CF416-7D68-4388-8AA9-3962F8DD9CEA}.Release|Any CPU.ActiveCfg = Release|Any CPU
		{306CF416-7D68-4388-8AA9-3962F8DD9CEA}.Release|Any CPU.Build.0 = Release|Any CPU
		{5E595B67-3E39-4D93-AED0-7841608F3466}.Debug|Any CPU.ActiveCfg = Debug|Any CPU
		{5E595B67-3E39-4D93-AED0-7841608F3466}.Debug|Any CPU.Build.0 = Debug|Any CPU
		{5E595B67-3E39-4D93-AED0-7841608F3466}.Release|Any CPU.ActiveCfg = Release|Any CPU
		{5E595B67-3E39-4D93-AED0-7841608F3466}.Release|Any CPU.Build.0 = Release|Any CPU
		{958CD410-A93D-4855-BEAB-45E225358790}.Debug|Any CPU.ActiveCfg = Debug|Any CPU
		{958CD410-A93D-4855-BEAB-45E225358790}.Debug|Any CPU.Build.0 = Debug|Any CPU
		{958CD410-A93D-4855-BEAB-45E225358790}.Release|Any CPU.ActiveCfg = Release|Any CPU
		{958CD410-A93D-4855-BEAB-45E225358790}.Release|Any CPU.Build.0 = Release|Any CPU
		{478F1E98-8152-401A-B502-7AFBFBBA318C}.Debug|Any CPU.ActiveCfg = Debug|Any CPU
		{478F1E98-8152-401A-B502-7AFBFBBA318C}.Debug|Any CPU.Build.0 = Debug|Any CPU
		{478F1E98-8152-401A-B502-7AFBFBBA318C}.Release|Any CPU.ActiveCfg = Release|Any CPU
		{478F1E98-8152-401A-B502-7AFBFBBA318C}.Release|Any CPU.Build.0 = Release|Any CPU
		{D3C7ADCA-36E0-4CDF-BEAC-B57AEEA0159B}.Debug|Any CPU.ActiveCfg = Debug|Any CPU
		{D3C7ADCA-36E0-4CDF-BEAC-B57AEEA0159B}.Debug|Any CPU.Build.0 = Debug|Any CPU
		{D3C7ADCA-36E0-4CDF-BEAC-B57AEEA0159B}.Release|Any CPU.ActiveCfg = Release|Any CPU
		{D3C7ADCA-36E0-4CDF-BEAC-B57AEEA0159B}.Release|Any CPU.Build.0 = Release|Any CPU
		{0ED10D42-F088-4E17-9E4C-C0F091458213}.Debug|Any CPU.ActiveCfg = Debug|Any CPU
		{0ED10D42-F088-4E17-9E4C-C0F091458213}.Debug|Any CPU.Build.0 = Debug|Any CPU
		{0ED10D42-F088-4E17-9E4C-C0F091458213}.Release|Any CPU.ActiveCfg = Release|Any CPU
		{0ED10D42-F088-4E17-9E4C-C0F091458213}.Release|Any CPU.Build.0 = Release|Any CPU
		{55770B2B-44C1-4F54-9AEC-373648F0D502}.Debug|Any CPU.ActiveCfg = Debug|Any CPU
		{55770B2B-44C1-4F54-9AEC-373648F0D502}.Debug|Any CPU.Build.0 = Debug|Any CPU
		{55770B2B-44C1-4F54-9AEC-373648F0D502}.Release|Any CPU.ActiveCfg = Release|Any CPU
		{55770B2B-44C1-4F54-9AEC-373648F0D502}.Release|Any CPU.Build.0 = Release|Any CPU
		{16669FF3-319F-4760-B1AC-5C908FCAD3BD}.Debug|Any CPU.ActiveCfg = Debug|Any CPU
		{16669FF3-319F-4760-B1AC-5C908FCAD3BD}.Debug|Any CPU.Build.0 = Debug|Any CPU
		{16669FF3-319F-4760-B1AC-5C908FCAD3BD}.Release|Any CPU.ActiveCfg = Release|Any CPU
		{16669FF3-319F-4760-B1AC-5C908FCAD3BD}.Release|Any CPU.Build.0 = Release|Any CPU
		{45838A67-5FC6-4B84-A75D-8D978E6E9660}.Debug|Any CPU.ActiveCfg = Debug|Any CPU
		{45838A67-5FC6-4B84-A75D-8D978E6E9660}.Debug|Any CPU.Build.0 = Debug|Any CPU
		{45838A67-5FC6-4B84-A75D-8D978E6E9660}.Release|Any CPU.ActiveCfg = Release|Any CPU
		{45838A67-5FC6-4B84-A75D-8D978E6E9660}.Release|Any CPU.Build.0 = Release|Any CPU
		{E7AE492D-8B19-4A29-BB9C-72D3F3597070}.Debug|Any CPU.ActiveCfg = Debug|Any CPU
		{E7AE492D-8B19-4A29-BB9C-72D3F3597070}.Debug|Any CPU.Build.0 = Debug|Any CPU
		{E7AE492D-8B19-4A29-BB9C-72D3F3597070}.Release|Any CPU.ActiveCfg = Release|Any CPU
		{E7AE492D-8B19-4A29-BB9C-72D3F3597070}.Release|Any CPU.Build.0 = Release|Any CPU
		{B6756B6B-AABC-43D9-B553-9665250A7C0D}.Debug|Any CPU.ActiveCfg = Debug|Any CPU
		{B6756B6B-AABC-43D9-B553-9665250A7C0D}.Debug|Any CPU.Build.0 = Debug|Any CPU
		{B6756B6B-AABC-43D9-B553-9665250A7C0D}.Release|Any CPU.ActiveCfg = Release|Any CPU
		{B6756B6B-AABC-43D9-B553-9665250A7C0D}.Release|Any CPU.Build.0 = Release|Any CPU
	EndGlobalSection
	GlobalSection(SolutionProperties) = preSolution
		HideSolutionNode = FALSE
	EndGlobalSection
	GlobalSection(NestedProjects) = preSolution
		{8C90868B-18DA-4E4B-88F9-061967B94685} = {494A64EC-179D-45FE-BADD-CF03F090351F}
		{3A57F704-E730-43BA-8379-02276A514DB4} = {494A64EC-179D-45FE-BADD-CF03F090351F}
		{D79A32EF-DD0D-4A66-84C6-79631F3EDFEC} = {494A64EC-179D-45FE-BADD-CF03F090351F}
		{C4841D43-EC57-4184-A9A1-E4AA6BE46A01} = {677D0277-258B-4F3E-9041-011CCEA00472}
		{1E6B1C89-FB82-4B08-8982-14F1931C34C3} = {677D0277-258B-4F3E-9041-011CCEA00472}
		{57C04660-CCEA-4D38-8F3B-36BFB0A207B8} = {677D0277-258B-4F3E-9041-011CCEA00472}
		{9A0EDEB0-D5EF-4EC2-BD8D-248A1B1E929F} = {46EC2E44-9E50-485E-8DE3-C2FD771745C3}
		{433FF905-4FEB-4AAA-AC56-5BCC2C618BAC} = {46EC2E44-9E50-485E-8DE3-C2FD771745C3}
		{2DA053FA-200A-40C9-AB76-77B6B67C1ED4} = {46EC2E44-9E50-485E-8DE3-C2FD771745C3}
		{9647CE12-DFDA-4691-A16A-DFEC6969973C} = {794819FA-B1E4-4251-8B2B-3DC6E830D18C}
		{947F52E1-C840-47F1-BD00-502E187AD52E} = {794819FA-B1E4-4251-8B2B-3DC6E830D18C}
		{8EADC260-3C4D-47CC-9114-4D2E961CFA16} = {794819FA-B1E4-4251-8B2B-3DC6E830D18C}
		{62372224-0B92-464A-AABD-194361C893C1} = {440C4FA2-08C5-4CF4-AEAF-0D29A089F4D9}
		{5AD4E8C2-777C-4148-870C-DDAE70DA4C74} = {440C4FA2-08C5-4CF4-AEAF-0D29A089F4D9}
		{8129949B-3C8A-4DB4-84DA-D4A587D02AFE} = {440C4FA2-08C5-4CF4-AEAF-0D29A089F4D9}
		{36ABBFCE-FD0A-4229-A8AA-45B33A727487} = {DE06412C-4769-4BB9-B412-A0A7C22FACD5}
		{306CF416-7D68-4388-8AA9-3962F8DD9CEA} = {DE06412C-4769-4BB9-B412-A0A7C22FACD5}
		{5E595B67-3E39-4D93-AED0-7841608F3466} = {DE06412C-4769-4BB9-B412-A0A7C22FACD5}
		{958CD410-A93D-4855-BEAB-45E225358790} = {BCDB392A-1211-4FEB-92A3-563E124BAB8B}
		{478F1E98-8152-401A-B502-7AFBFBBA318C} = {BCDB392A-1211-4FEB-92A3-563E124BAB8B}
		{D3C7ADCA-36E0-4CDF-BEAC-B57AEEA0159B} = {BCDB392A-1211-4FEB-92A3-563E124BAB8B}
		{0ED10D42-F088-4E17-9E4C-C0F091458213} = {A3734695-19EB-4023-AB6B-81B75FB9BB38}
		{55770B2B-44C1-4F54-9AEC-373648F0D502} = {A3734695-19EB-4023-AB6B-81B75FB9BB38}
		{16669FF3-319F-4760-B1AC-5C908FCAD3BD} = {A3734695-19EB-4023-AB6B-81B75FB9BB38}
		{45838A67-5FC6-4B84-A75D-8D978E6E9660} = {DF2AA041-46B0-4B58-BC40-0F7A0C853618}
		{E7AE492D-8B19-4A29-BB9C-72D3F3597070} = {DF2AA041-46B0-4B58-BC40-0F7A0C853618}
		{B6756B6B-AABC-43D9-B553-9665250A7C0D} = {DF2AA041-46B0-4B58-BC40-0F7A0C853618}
	EndGlobalSection
	GlobalSection(ExtensibilityGlobals) = postSolution
		SolutionGuid = {600A369B-CE58-416D-8886-780D2CDB688F}
	EndGlobalSection
EndGlobal
